PODS:
  - Extension/ViewController (0.1.4)
  - Indicator (0.1.2)
  - SafeIAP (0.1.1):
    - Extension/ViewController
    - Indicator

DEPENDENCIES:
  - Extension/ViewController (from `../../Extension`)
  - Indicator (from `../../ActivityIndicator`)
  - SafeIAP (from `../`)

EXTERNAL SOURCES:
  Extension:
    :path: "../../Extension"
  Indicator:
    :path: "../../ActivityIndicator"
  SafeIAP:
    :path: "../"

SPEC CHECKSUMS:
  Extension: 43d892600171030431986d5d6ef47ecafd521dcf
  Indicator: d037681a490e67e1cb5350828b3626392d64de46
  SafeIAP: 0fdd74c7c43b94bef6221f8db1475a1ae1adc686

PODFILE CHECKSUM: 1d8eaa4f82366ab2e67fc59e325547ab44acd7d0

COCOAPODS: 1.12.1
